
Microsoft Visual Studio Solution File, Format Version 12.00
# Visual Studio Version 17
VisualStudioVersion = 17.4.33122.133
MinimumVisualStudioVersion = 10.0.40219.1
Project("{FAE04EC0-301F-11D3-BF4B-00C04F79EFBC}") = "BibliomaticWebApi", "BibliomaticWebApi\BibliomaticWebApi.csproj", "{044B8193-BF3A-4A9D-AF7D-27D4F37F6B8C}"
EndProject
Project("{FAE04EC0-301F-11D3-BF4B-00C04F79EFBC}") = "BibliomaticData", "BibliomaticData\BibliomaticData.csproj", "{393D1299-DFF3-4720-AFF2-16A7DDFE44F0}"
EndProject
Global
	GlobalSection(SolutionConfigurationPlatforms) = preSolution
		Debug|Any CPU = Debug|Any CPU
		Release|Any CPU = Release|Any CPU
	EndGlobalSection
	GlobalSection(ProjectConfigurationPlatforms) = postSolution
		{044B8193-BF3A-4A9D-AF7D-27D4F37F6B8C}.Debug|Any CPU.ActiveCfg = Debug|Any CPU
		{044B8193-BF3A-4A9D-AF7D-27D4F37F6B8C}.Debug|Any CPU.Build.0 = Debug|Any CPU
		{044B8193-BF3A-4A9D-AF7D-27D4F37F6B8C}.Release|Any CPU.ActiveCfg = Release|Any CPU
		{044B8193-BF3A-4A9D-AF7D-27D4F37F6B8C}.Release|Any CPU.Build.0 = Release|Any CPU
		{393D1299-DFF3-4720-AFF2-16A7DDFE44F0}.Debug|Any CPU.ActiveCfg = Debug|Any CPU
		{393D1299-DFF3-4720-AFF2-16A7DDFE44F0}.Debug|Any CPU.Build.0 = Debug|Any CPU
		{393D1299-DFF3-4720-AFF2-16A7DDFE44F0}.Release|Any CPU.ActiveCfg = Release|Any CPU
		{393D1299-DFF3-4720-AFF2-16A7DDFE44F0}.Release|Any CPU.Build.0 = Release|Any CPU
	EndGlobalSection
	GlobalSection(SolutionProperties) = preSolution
		HideSolutionNode = FALSE
	EndGlobalSection
	GlobalSection(ExtensibilityGlobals) = postSolution
		SolutionGuid = {2E1CB347-D9D9-40CF-9799-6B909CB9281F}
	EndGlobalSection
EndGlobal
